
Microsoft Visual Studio Solution File, Format Version 12.00
# Visual Studio Version 16
VisualStudioVersion = 16.0.32106.194
MinimumVisualStudioVersion = 10.0.40219.1
Project("{9A19103F-16F7-4668-BE54-9A1E7A4F7556}") = "Business", "Business\Business.csproj", "{DCA96B21-00C1-4918-B137-448D339DF549}"
EndProject
Project("{9A19103F-16F7-4668-BE54-9A1E7A4F7556}") = "DataAccess", "DataAccess\DataAccess.csproj", "{AF64B5D3-9217-4B06-BCEE-EEADBBE717D9}"
EndProject
Project("{9A19103F-16F7-4668-BE54-9A1E7A4F7556}") = "UI", "UI\UI.csproj", "{E22CF833-55EC-4B62-A683-089AE9FE41C7}"
EndProject
Project("{9A19103F-16F7-4668-BE54-9A1E7A4F7556}") = "WebAPI", "WebAPI\WebAPI.csproj", "{80EE5713-E18B-4C6B-87E0-AFC1777008E0}"
EndProject
Project("{9A19103F-16F7-4668-BE54-9A1E7A4F7556}") = "Entities", "Entities\Entities.csproj", "{CDE2C9F5-E9D6-4B3A-B5E7-AA257197312A}"
EndProject
Project("{9A19103F-16F7-4668-BE54-9A1E7A4F7556}") = "Core", "Core\Core.csproj", "{E80D6BB0-135C-44C3-9D39-1A366C3C3911}"
EndProject
Project("{2150E333-8FDC-42A3-9474-1A3956D46DE8}") = "Solution Items", "Solution Items", "{D83DDC0C-80B0-48A7-BCEA-9036F16A5E7A}"
	ProjectSection(SolutionItems) = preProject
		TextFile1.txt = TextFile1.txt
	EndProjectSection
EndProject
Global
	GlobalSection(SolutionConfigurationPlatforms) = preSolution
		Debug|Any CPU = Debug|Any CPU
		Release|Any CPU = Release|Any CPU
	EndGlobalSection
	GlobalSection(ProjectConfigurationPlatforms) = postSolution
		{DCA96B21-00C1-4918-B137-448D339DF549}.Debug|Any CPU.ActiveCfg = Debug|Any CPU
		{DCA96B21-00C1-4918-B137-448D339DF549}.Debug|Any CPU.Build.0 = Debug|Any CPU
		{DCA96B21-00C1-4918-B137-448D339DF549}.Release|Any CPU.ActiveCfg = Release|Any CPU
		{DCA96B21-00C1-4918-B137-448D339DF549}.Release|Any CPU.Build.0 = Release|Any CPU
		{AF64B5D3-9217-4B06-BCEE-EEADBBE717D9}.Debug|Any CPU.ActiveCfg = Debug|Any CPU
		{AF64B5D3-9217-4B06-BCEE-EEADBBE717D9}.Debug|Any CPU.Build.0 = Debug|Any CPU
		{AF64B5D3-9217-4B06-BCEE-EEADBBE717D9}.Release|Any CPU.ActiveCfg = Release|Any CPU
		{AF64B5D3-9217-4B06-BCEE-EEADBBE717D9}.Release|Any CPU.Build.0 = Release|Any CPU
		{E22CF833-55EC-4B62-A683-089AE9FE41C7}.Debug|Any CPU.ActiveCfg = Debug|Any CPU
		{E22CF833-55EC-4B62-A683-089AE9FE41C7}.Debug|Any CPU.Build.0 = Debug|Any CPU
		{E22CF833-55EC-4B62-A683-089AE9FE41C7}.Release|Any CPU.ActiveCfg = Release|Any CPU
		{E22CF833-55EC-4B62-A683-089AE9FE41C7}.Release|Any CPU.Build.0 = Release|Any CPU
		{80EE5713-E18B-4C6B-87E0-AFC1777008E0}.Debug|Any CPU.ActiveCfg = Debug|Any CPU
		{80EE5713-E18B-4C6B-87E0-AFC1777008E0}.Debug|Any CPU.Build.0 = Debug|Any CPU
		{80EE5713-E18B-4C6B-87E0-AFC1777008E0}.Release|Any CPU.ActiveCfg = Release|Any CPU
		{80EE5713-E18B-4C6B-87E0-AFC1777008E0}.Release|Any CPU.Build.0 = Release|Any CPU
		{CDE2C9F5-E9D6-4B3A-B5E7-AA257197312A}.Debug|Any CPU.ActiveCfg = Debug|Any CPU
		{CDE2C9F5-E9D6-4B3A-B5E7-AA257197312A}.Debug|Any CPU.Build.0 = Debug|Any CPU
		{CDE2C9F5-E9D6-4B3A-B5E7-AA257197312A}.Release|Any CPU.ActiveCfg = Release|Any CPU
		{CDE2C9F5-E9D6-4B3A-B5E7-AA257197312A}.Release|Any CPU.Build.0 = Release|Any CPU
		{E80D6BB0-135C-44C3-9D39-1A366C3C3911}.Debug|Any CPU.ActiveCfg = Debug|Any CPU
		{E80D6BB0-135C-44C3-9D39-1A366C3C3911}.Debug|Any CPU.Build.0 = Debug|Any CPU
		{E80D6BB0-135C-44C3-9D39-1A366C3C3911}.Release|Any CPU.ActiveCfg = Release|Any CPU
		{E80D6BB0-135C-44C3-9D39-1A366C3C3911}.Release|Any CPU.Build.0 = Release|Any CPU
	EndGlobalSection
	GlobalSection(SolutionProperties) = preSolution
		HideSolutionNode = FALSE
	EndGlobalSection
	GlobalSection(ExtensibilityGlobals) = postSolution
		SolutionGuid = {38401063-3B9B-492A-BEC6-9859187585D3}
	EndGlobalSection
EndGlobal
